# THIS IS AN AUTOGENERATED FILE. DO NOT EDIT THIS FILE DIRECTLY.
# yarn lockfile v1


core-js@^2.6.5:
  version "2.6.5"
  resolved "https://registry.yarnpkg.com/core-js/-/core-js-2.6.5.tgz#44bc8d249e7fb2ff5d00e0341a7ffb94fbf67895"
  integrity sha512-klh/kDpwX8hryYL14M9w/xei6vrv6sE8gTHDG7/T/+SEovB/G4ejwcfE/CBzO6Edsu+OETZMZ3wcX/EjUkrl5A==

ts-polyfill@^3.3.3:
  version "3.3.3"
  resolved "https://registry.yarnpkg.com/ts-polyfill/-/ts-polyfill-3.3.3.tgz#a683da82841376d82477c19313fe755f7f527c45"
  integrity sha512-10XpANSm2WLP3TRS8NNT+1Q4sjSyEIJy9QvUk/U/CHLTSIOxFB6dgfO9FOOaMU50jcSNORUlcPoLoPSGyedfbg==
  dependencies:
    core-js "^2.6.5"

typescript@^3.3.4000:
  version "3.3.4000"
  resolved "https://registry.yarnpkg.com/typescript/-/typescript-3.3.4000.tgz#76b0f89cfdbf97827e1112d64f283f1151d6adf0"
  integrity sha512-jjOcCZvpkl2+z7JFn0yBOoLQyLoIkNZAs/fYJkUG6VKy6zLPHJGfQJYFHzibB6GJaF/8QrcECtlQ5cpvRHSMEA==
